
Microsoft Visual Studio Solution File, Format Version 12.00
# Visual Studio Version 16
VisualStudioVersion = 16.0.30611.23
MinimumVisualStudioVersion = 10.0.40219.1
Project("{9A19103F-16F7-4668-BE54-9A1E7A4F7556}") = "CreditRatingClient", "CreditRatingClient.csproj", "{FE8F2484-7948-48C2-A148-176916990C65}"
EndProject
Global
	GlobalSection(SolutionConfigurationPlatforms) = preSolution
		Debug|Any CPU = Debug|Any CPU
		Release|Any CPU = Release|Any CPU
	EndGlobalSection
	GlobalSection(ProjectConfigurationPlatforms) = postSolution
		{FE8F2484-7948-48C2-A148-176916990C65}.Debug|Any CPU.ActiveCfg = Debug|Any CPU
		{FE8F2484-7948-48C2-A148-176916990C65}.Debug|Any CPU.Build.0 = Debug|Any CPU
		{FE8F2484-7948-48C2-A148-176916990C65}.Release|Any CPU.ActiveCfg = Release|Any CPU
		{FE8F2484-7948-48C2-A148-176916990C65}.Release|Any CPU.Build.0 = Release|Any CPU
	EndGlobalSection
	GlobalSection(SolutionProperties) = preSolution
		HideSolutionNode = FALSE
	EndGlobalSection
	GlobalSection(ExtensibilityGlobals) = postSolution
		SolutionGuid = {F5EB51A0-E75D-4BDE-A1FA-DB5F8BB12BA5}
	EndGlobalSection
EndGlobal
